
Microsoft Visual Studio Solution File, Format Version 12.00
# Visual Studio Version 17
VisualStudioVersion = 17.0.31903.59
MinimumVisualStudioVersion = 10.0.40219.1
Project("{2150E333-8FDC-42A3-9474-1A3956D46DE8}") = "Solution Items", "Solution Items", "{02EA681E-C7D8-13C7-8484-4AC65E1B71E8}"
	ProjectSection(SolutionItems) = preProject
		.editorconfig = .editorconfig
		Directory.Build.props = Directory.Build.props
		Directory.Packages.props = Directory.Packages.props
		nuget.config = nuget.config
	EndProjectSection
EndProject
Project("{2150E333-8FDC-42A3-9474-1A3956D46DE8}") = "src", "src", "{E288D5A8-E440-405B-9BF3-3DB622C12D05}"
EndProject
Project("{FAE04EC0-301F-11D3-BF4B-00C04F79EFBC}") = "AIRMDataManager.Library", "src\AIRMDataManager.Library\AIRMDataManager.Library.csproj", "{7FED82F2-15CF-2C67-87B7-441D3AAC1BA8}"
EndProject
Project("{FAE04EC0-301F-11D3-BF4B-00C04F79EFBC}") = "Dantooine.Server", "src\Dantooine.Server\Dantooine.Server.csproj", "{81A119F2-E3B0-4FEE-837F-3D9761DBF516}"
EndProject
Project("{FAE04EC0-301F-11D3-BF4B-00C04F79EFBC}") = "AiclaRM.Server", "src\AiclaRM.Server\AiclaRM.Server.csproj", "{297AEA19-ABC2-6905-F194-306FFDFC9B52}"
EndProject
Project("{54A90642-561A-4BB1-A94E-469ADEE60C69}") = "combust.client", "src\combust.client\combust.client.esproj", "{5D4BB8C6-37F8-BE18-4077-60E800BDD23F}"
EndProject
Global
	GlobalSection(SolutionConfigurationPlatforms) = preSolution
		Debug|Any CPU = Debug|Any CPU
		Release|Any CPU = Release|Any CPU
	EndGlobalSection
	GlobalSection(ProjectConfigurationPlatforms) = postSolution
		{7FED82F2-15CF-2C67-87B7-441D3AAC1BA8}.Debug|Any CPU.ActiveCfg = Debug|Any CPU
		{7FED82F2-15CF-2C67-87B7-441D3AAC1BA8}.Debug|Any CPU.Build.0 = Debug|Any CPU
		{7FED82F2-15CF-2C67-87B7-441D3AAC1BA8}.Release|Any CPU.ActiveCfg = Release|Any CPU
		{7FED82F2-15CF-2C67-87B7-441D3AAC1BA8}.Release|Any CPU.Build.0 = Release|Any CPU
		{81A119F2-E3B0-4FEE-837F-3D9761DBF516}.Debug|Any CPU.ActiveCfg = Debug|Any CPU
		{81A119F2-E3B0-4FEE-837F-3D9761DBF516}.Debug|Any CPU.Build.0 = Debug|Any CPU
		{81A119F2-E3B0-4FEE-837F-3D9761DBF516}.Release|Any CPU.ActiveCfg = Release|Any CPU
		{81A119F2-E3B0-4FEE-837F-3D9761DBF516}.Release|Any CPU.Build.0 = Release|Any CPU
		{297AEA19-ABC2-6905-F194-306FFDFC9B52}.Debug|Any CPU.ActiveCfg = Debug|Any CPU
		{297AEA19-ABC2-6905-F194-306FFDFC9B52}.Debug|Any CPU.Build.0 = Debug|Any CPU
		{297AEA19-ABC2-6905-F194-306FFDFC9B52}.Release|Any CPU.ActiveCfg = Release|Any CPU
		{297AEA19-ABC2-6905-F194-306FFDFC9B52}.Release|Any CPU.Build.0 = Release|Any CPU
		{5D4BB8C6-37F8-BE18-4077-60E800BDD23F}.Debug|Any CPU.ActiveCfg = Debug|Any CPU
		{5D4BB8C6-37F8-BE18-4077-60E800BDD23F}.Debug|Any CPU.Build.0 = Debug|Any CPU
		{5D4BB8C6-37F8-BE18-4077-60E800BDD23F}.Debug|Any CPU.Deploy.0 = Debug|Any CPU
		{5D4BB8C6-37F8-BE18-4077-60E800BDD23F}.Release|Any CPU.ActiveCfg = Release|Any CPU
		{5D4BB8C6-37F8-BE18-4077-60E800BDD23F}.Release|Any CPU.Build.0 = Release|Any CPU
		{5D4BB8C6-37F8-BE18-4077-60E800BDD23F}.Release|Any CPU.Deploy.0 = Release|Any CPU
	EndGlobalSection
	GlobalSection(SolutionProperties) = preSolution
		HideSolutionNode = FALSE
	EndGlobalSection
	GlobalSection(NestedProjects) = preSolution
		{7FED82F2-15CF-2C67-87B7-441D3AAC1BA8} = {E288D5A8-E440-405B-9BF3-3DB622C12D05}
		{81A119F2-E3B0-4FEE-837F-3D9761DBF516} = {E288D5A8-E440-405B-9BF3-3DB622C12D05}
		{297AEA19-ABC2-6905-F194-306FFDFC9B52} = {E288D5A8-E440-405B-9BF3-3DB622C12D05}
		{5D4BB8C6-37F8-BE18-4077-60E800BDD23F} = {E288D5A8-E440-405B-9BF3-3DB622C12D05}
	EndGlobalSection
	GlobalSection(ExtensibilityGlobals) = postSolution
		SolutionGuid = {2F230D5A-617F-485E-8083-AA9556950B65}
	EndGlobalSection
EndGlobal
